
Microsoft Visual Studio Solution File, Format Version 11.00
# Visual Studio 2010
Project("{FAE04EC0-301F-11D3-BF4B-00C04F79EFBC}") = "ContractTester", "app\ContractTester\ContractTester.csproj", "{50A6AE82-20B5-43B5-BD4D-E4CB23703260}"
EndProject
Project("{FAE04EC0-301F-11D3-BF4B-00C04F79EFBC}") = "ContractTester.Unittests", "app\ContractTester.Unittests\ContractTester.Unittests.csproj", "{C83DF1E7-1AD2-4F1E-BAC9-95A2A47C8745}"
EndProject
Global
	GlobalSection(SolutionConfigurationPlatforms) = preSolution
		Debug|Any CPU = Debug|Any CPU
		Release|Any CPU = Release|Any CPU
	EndGlobalSection
	GlobalSection(ProjectConfigurationPlatforms) = postSolution
		{50A6AE82-20B5-43B5-BD4D-E4CB23703260}.Debug|Any CPU.ActiveCfg = Debug|Any CPU
		{50A6AE82-20B5-43B5-BD4D-E4CB23703260}.Debug|Any CPU.Build.0 = Debug|Any CPU
		{50A6AE82-20B5-43B5-BD4D-E4CB23703260}.Release|Any CPU.ActiveCfg = Release|Any CPU
		{50A6AE82-20B5-43B5-BD4D-E4CB23703260}.Release|Any CPU.Build.0 = Release|Any CPU
		{C83DF1E7-1AD2-4F1E-BAC9-95A2A47C8745}.Debug|Any CPU.ActiveCfg = Debug|Any CPU
		{C83DF1E7-1AD2-4F1E-BAC9-95A2A47C8745}.Debug|Any CPU.Build.0 = Debug|Any CPU
		{C83DF1E7-1AD2-4F1E-BAC9-95A2A47C8745}.Release|Any CPU.ActiveCfg = Release|Any CPU
		{C83DF1E7-1AD2-4F1E-BAC9-95A2A47C8745}.Release|Any CPU.Build.0 = Release|Any CPU
	EndGlobalSection
	GlobalSection(SolutionProperties) = preSolution
		HideSolutionNode = FALSE
	EndGlobalSection
EndGlobal
